# @generated - this file is auto-generated by `mise lock` https://mise.en.dev/dev-tools/mise-lock.html

[[tools.gh]]
version = "2.95.0"
backend = "aqua:cli/cli"

[tools.gh."platforms.linux-arm64"]
checksum = "sha256:d41e0b3b6218e5741c8bb4db39b16e53a59e0e06299a8489bd38f623ef7ebaae"
url = "https://github.com/cli/cli/releases/download/v2.95.0/gh_2.95.0_linux_arm64.tar.gz"
provenance = "github-attestations"

[tools.gh."platforms.linux-arm64-musl"]
checksum = "sha256:d41e0b3b6218e5741c8bb4db39b16e53a59e0e06299a8489bd38f623ef7ebaae"
url = "https://github.com/cli/cli/releases/download/v2.95.0/gh_2.95.0_linux_arm64.tar.gz"
provenance = "github-attestations"

[tools.gh."platforms.linux-x64"]
checksum = "sha256:25d1e4729e8808c9ed3d613e96ebd3f3e44446f2d368c89d878a71a36ddb3d8c"
url = "https://github.com/cli/cli/releases/download/v2.95.0/gh_2.95.0_linux_amd64.tar.gz"
provenance = "github-attestations"

[tools.gh."platforms.linux-x64-musl"]
checksum = "sha256:25d1e4729e8808c9ed3d613e96ebd3f3e44446f2d368c89d878a71a36ddb3d8c"
url = "https://github.com/cli/cli/releases/download/v2.95.0/gh_2.95.0_linux_amd64.tar.gz"
provenance = "github-attestations"

[tools.gh."platforms.macos-arm64"]
checksum = "sha256:3677f9c27965825f9c7d50395473c134edaea4b484373ef6b25de653570a0489"
url = "https://github.com/cli/cli/releases/download/v2.95.0/gh_2.95.0_macOS_arm64.zip"
provenance = "github-attestations"

[tools.gh."platforms.macos-x64"]
checksum = "sha256:985707e9ac60c95ed51cddd808c338b481abe69fffa77e9d6547c3750045f77e"
url = "https://github.com/cli/cli/releases/download/v2.95.0/gh_2.95.0_macOS_amd64.zip"
provenance = "github-attestations"

[tools.gh."platforms.windows-x64"]
checksum = "sha256:19a7154161ada9cfaa9e57edb752ecc679b75c391a62e4f7b586eea1df30b5bb"
url = "https://github.com/cli/cli/releases/download/v2.95.0/gh_2.95.0_windows_amd64.zip"
provenance = "github-attestations"

[[tools.node]]
version = "24.17.0"
backend = "core:node"

[tools.node."platforms.linux-arm64"]
checksum = "sha256:faa0d59ba7fe7045c950ed09b190578fb8eee73e4358686d38fcc99ca58c1480"
url = "https://nodejs.org/dist/v24.17.0/node-v24.17.0-linux-arm64.tar.gz"

[tools.node."platforms.linux-arm64-musl"]
checksum = "sha256:cc54f73a1a4108d9e325eb201d90b25eeab60edc92b2a13240b2877a74c596da"
url = "https://unofficial-builds.nodejs.org/download/release/v24.17.0/node-v24.17.0-linux-arm64-musl.tar.gz"

[tools.node."platforms.linux-x64"]
checksum = "sha256:e0472427aa791ad80bdc426ff7cc73cdd28ed0f616d1ff9689a23a7f47f1265f"
url = "https://nodejs.org/dist/v24.17.0/node-v24.17.0-linux-x64.tar.gz"

[tools.node."platforms.linux-x64-musl"]
checksum = "sha256:f884c958c0652f7cd0ea43fdc39dddd1a98456ea9b1adeca85964847e2e39fb0"
url = "https://unofficial-builds.nodejs.org/download/release/v24.17.0/node-v24.17.0-linux-x64-musl.tar.gz"

[tools.node."platforms.macos-arm64"]
checksum = "sha256:4fc3266a3702eebc39cc37661cf4eeceeade307e242ab64e4d7ce7949197e11f"
url = "https://nodejs.org/dist/v24.17.0/node-v24.17.0-darwin-arm64.tar.gz"

[tools.node."platforms.macos-x64"]
checksum = "sha256:80da552fe037290cb130e9dea590f5eeeb7aa450636f0c89ab41415511c1ec27"
url = "https://nodejs.org/dist/v24.17.0/node-v24.17.0-darwin-x64.tar.gz"

[tools.node."platforms.windows-x64"]
checksum = "sha256:f2aa33b35b75aca5f3f7b85675a6f6423201053e9381911e64961f3bda2528ab"
url = "https://nodejs.org/dist/v24.17.0/node-v24.17.0-win-x64.zip"

[[tools."npm:pnpm"]]
version = "11.7.0"
backend = "npm:pnpm"

[[tools."npm:turbo"]]
version = "2.9.18"
backend = "npm:turbo"

[[tools.ollama]]
version = "0.30.11"
backend = "aqua:ollama/ollama"

[tools.ollama."platforms.linux-arm64"]
checksum = "sha256:7779570efb5c9ad71f67796e7f850bba1afdf634f8fe2d15bcaa64ec8caca5c5"
url = "https://github.com/ollama/ollama/releases/download/v0.30.11/ollama-linux-arm64.tar.zst"

[tools.ollama."platforms.linux-arm64-musl"]
checksum = "sha256:7779570efb5c9ad71f67796e7f850bba1afdf634f8fe2d15bcaa64ec8caca5c5"
url = "https://github.com/ollama/ollama/releases/download/v0.30.11/ollama-linux-arm64.tar.zst"

[tools.ollama."platforms.linux-x64"]
checksum = "sha256:11dc89b6c68f136f85ef10e00957530ffab61c35f227696dbf8a11169b47f165"
url = "https://github.com/ollama/ollama/releases/download/v0.30.11/ollama-linux-amd64.tar.zst"

[tools.ollama."platforms.linux-x64-musl"]
checksum = "sha256:11dc89b6c68f136f85ef10e00957530ffab61c35f227696dbf8a11169b47f165"
url = "https://github.com/ollama/ollama/releases/download/v0.30.11/ollama-linux-amd64.tar.zst"

[tools.ollama."platforms.macos-arm64"]
checksum = "sha256:4620272018aa974fb146741e51fa69dbecd141922143354d4643a45381faf2e6"
url = "https://github.com/ollama/ollama/releases/download/v0.30.11/ollama-darwin.tgz"

[tools.ollama."platforms.macos-x64"]
checksum = "sha256:4620272018aa974fb146741e51fa69dbecd141922143354d4643a45381faf2e6"
url = "https://github.com/ollama/ollama/releases/download/v0.30.11/ollama-darwin.tgz"

[tools.ollama."platforms.windows-x64"]
checksum = "sha256:43d534c10040ea676c99af19836377a315daa8cb3bb6c3d9d609b4c23dd37b88"
url = "https://github.com/ollama/ollama/releases/download/v0.30.11/ollama-windows-amd64.zip"

[[tools.packer]]
version = "1.15.4"
backend = "aqua:hashicorp/packer"

[tools.packer."platforms.linux-arm64"]
checksum = "sha256:23e6d2e596dd9e2527e0f7bea9aedd26059729375a0d17c462c2621f1b97b82d"
url = "https://releases.hashicorp.com/packer/1.15.4/packer_1.15.4_linux_arm64.zip"

[tools.packer."platforms.linux-arm64-musl"]
checksum = "sha256:23e6d2e596dd9e2527e0f7bea9aedd26059729375a0d17c462c2621f1b97b82d"
url = "https://releases.hashicorp.com/packer/1.15.4/packer_1.15.4_linux_arm64.zip"

[tools.packer."platforms.linux-x64"]
checksum = "sha256:15f97a6a99645c7d5308c609973b5280837b38e112beac413ccbce80da927cf1"
url = "https://releases.hashicorp.com/packer/1.15.4/packer_1.15.4_linux_amd64.zip"

[tools.packer."platforms.linux-x64-musl"]
checksum = "sha256:15f97a6a99645c7d5308c609973b5280837b38e112beac413ccbce80da927cf1"
url = "https://releases.hashicorp.com/packer/1.15.4/packer_1.15.4_linux_amd64.zip"

[tools.packer."platforms.macos-arm64"]
checksum = "sha256:d95ba177dd2ebb84d7d155493b4188ec2a519d2c3b041528db5b63a6aff9da80"
url = "https://releases.hashicorp.com/packer/1.15.4/packer_1.15.4_darwin_arm64.zip"

[tools.packer."platforms.macos-x64"]
checksum = "sha256:b3be60b44dcb74e7962afe22cc10b89a09c74b626fcd52f49ecee32b07b99e71"
url = "https://releases.hashicorp.com/packer/1.15.4/packer_1.15.4_darwin_amd64.zip"

[tools.packer."platforms.windows-x64"]
checksum = "sha256:a50db29fae2972f5e5d05ecee23f80e303d605f8132dc2167848fc89184f044b"
url = "https://releases.hashicorp.com/packer/1.15.4/packer_1.15.4_windows_amd64.zip"
